
Microsoft Visual Studio Solution File, Format Version 12.00
# Visual Studio 15
VisualStudioVersion = 15.0.27130.2027
MinimumVisualStudioVersion = 10.0.40219.1
Project("{FAE04EC0-301F-11D3-BF4B-00C04F79EFBC}") = "SampleQL", "SampleQL\SampleQL.csproj", "{37E946D8-1FF8-41C7-B12C-89D4E10CED14}"
EndProject
Global
	GlobalSection(SolutionConfigurationPlatforms) = preSolution
		Debug|Any CPU = Debug|Any CPU
		Release|Any CPU = Release|Any CPU
	EndGlobalSection
	GlobalSection(ProjectConfigurationPlatforms) = postSolution
		{37E946D8-1FF8-41C7-B12C-89D4E10CED14}.Debug|Any CPU.ActiveCfg = Debug|Any CPU
		{37E946D8-1FF8-41C7-B12C-89D4E10CED14}.Debug|Any CPU.Build.0 = Debug|Any CPU
		{37E946D8-1FF8-41C7-B12C-89D4E10CED14}.Release|Any CPU.ActiveCfg = Release|Any CPU
		{37E946D8-1FF8-41C7-B12C-89D4E10CED14}.Release|Any CPU.Build.0 = Release|Any CPU
	EndGlobalSection
	GlobalSection(SolutionProperties) = preSolution
		HideSolutionNode = FALSE
	EndGlobalSection
	GlobalSection(ExtensibilityGlobals) = postSolution
		SolutionGuid = {44AC5152-4148-48B8-9BF2-D2030F3DF249}
	EndGlobalSection
EndGlobal
